
Microsoft Visual Studio Solution File, Format Version 11.00
# Visual Studio 2010
Project("{8BC9CEB8-8B4A-11D0-8D11-00A0C91BC942}") = "HeapOp", "HeapOp\HeapOp.vcxproj", "{6731FE66-C8E2-444C-8725-4A753C968F7F}"
EndProject
Global
	GlobalSection(SolutionConfigurationPlatforms) = preSolution
		Debug|Win32 = Debug|Win32
		Release|Win32 = Release|Win32
	EndGlobalSection
	GlobalSection(ProjectConfigurationPlatforms) = postSolution
		{6731FE66-C8E2-444C-8725-4A753C968F7F}.Debug|Win32.ActiveCfg = Debug|Win32
		{6731FE66-C8E2-444C-8725-4A753C968F7F}.Debug|Win32.Build.0 = Debug|Win32
		{6731FE66-C8E2-444C-8725-4A753C968F7F}.Release|Win32.ActiveCfg = Release|Win32
		{6731FE66-C8E2-444C-8725-4A753C968F7F}.Release|Win32.Build.0 = Release|Win32
	EndGlobalSection
	GlobalSection(SolutionProperties) = preSolution
		HideSolutionNode = FALSE
	EndGlobalSection
EndGlobal
